// !$*UTF8*$!
{
	archiveVersion = 1;
	classes = {
	};
	objectVersion = 46;
	objects = {

/* Begin PBXBuildFile section */
		6F1265A41953AF8D00104B49 /* TimelyTableViewControllerScrollExtension.swift in Sources */ = {isa = PBXBuildFile; fileRef = 6F1265A31953AF8D00104B49 /* TimelyTableViewControllerScrollExtension.swift */; };
		6F2B72E7194D166D0076AB18 /* AppDelegate.swift in Sources */ = {isa = PBXBuildFile; fileRef = 6F2B72E6194D166D0076AB18 /* AppDelegate.swift */; };
		6F2B72EA194D166D0076AB18 /* Timely.xcdatamodeld in Sources */ = {isa = PBXBuildFile; fileRef = 6F2B72E8194D166D0076AB18 /* Timely.xcdatamodeld */; };
		6F2B72F8194D166D0076AB18 /* TimelyTests.swift in Sources */ = {isa = PBXBuildFile; fileRef = 6F2B72F7194D166D0076AB18 /* TimelyTests.swift */; };
		6F2B7302194D16890076AB18 /* Storyboard.storyboard in Resources */ = {isa = PBXBuildFile; fileRef = 6F2B7301194D16890076AB18 /* Storyboard.storyboard */; };
		6F2B7305194D19B50076AB18 /* TimelyTableViewController.swift in Sources */ = {isa = PBXBuildFile; fileRef = 6F2B7304194D19B50076AB18 /* TimelyTableViewController.swift */; };
		6F2B7314194D1D3F0076AB18 /* TimelyContext.swift in Sources */ = {isa = PBXBuildFile; fileRef = 6F2B7313194D1D3F0076AB18 /* TimelyContext.swift */; };
		6F324BBC196EBB56002D0A38 /* clear@2x.png in Resources */ = {isa = PBXBuildFile; fileRef = 6F324BBB196EBB56002D0A38 /* clear@2x.png */; };
		6F324BBE196EBB62002D0A38 /* add@2x.png in Resources */ = {isa = PBXBuildFile; fileRef = 6F324BBD196EBB62002D0A38 /* add@2x.png */; };
		6F324BC0196EBB6C002D0A38 /* cross@2x.png in Resources */ = {isa = PBXBuildFile; fileRef = 6F324BBF196EBB6C002D0A38 /* cross@2x.png */; };
		6F324BC2196EBB77002D0A38 /* tick@2x.png in Resources */ = {isa = PBXBuildFile; fileRef = 6F324BC1196EBB77002D0A38 /* tick@2x.png */; };
		6F324BC3196EBBB1002D0A38 /* Images.xcassets in Resources */ = {isa = PBXBuildFile; fileRef = 6F2B72EB194D166D0076AB18 /* Images.xcassets */; };
		6F4E9D77194E8457003ADA8A /* DateExtension.swift in Sources */ = {isa = PBXBuildFile; fileRef = 6F4E9D76194E8457003ADA8A /* DateExtension.swift */; };
		6F520D781952708D00646360 /* DelegateBridge.m in Sources */ = {isa = PBXBuildFile; fileRef = 6F520D771952708D00646360 /* DelegateBridge.m */; };
		6F5F926E19934D9C0018FA43 /* WXReorderTableTableViewController.m in Sources */ = {isa = PBXBuildFile; fileRef = 6F5F926D19934D9C0018FA43 /* WXReorderTableTableViewController.m */; };
		6F6D8C5919622FCC00BC8C6F /* TaskViewModel.swift in Sources */ = {isa = PBXBuildFile; fileRef = 6F6D8C5819622FCC00BC8C6F /* TaskViewModel.swift */; };
		6F6D8C5B1962346F00BC8C6F /* TaskNotificationService.swift in Sources */ = {isa = PBXBuildFile; fileRef = 6F6D8C5A1962346F00BC8C6F /* TaskNotificationService.swift */; };
		6F995992195D57DA00A155E7 /* ConversionExtension.swift in Sources */ = {isa = PBXBuildFile; fileRef = 6F995991195D57DA00A155E7 /* ConversionExtension.swift */; };
		6F9FC398194D233800A0C9C5 /* ManagedObjectExtension.swift in Sources */ = {isa = PBXBuildFile; fileRef = 6F9FC397194D233800A0C9C5 /* ManagedObjectExtension.swift */; };
		6FA3A0A8197F913E0013F030 /* CoreData.framework in Frameworks */ = {isa = PBXBuildFile; fileRef = 6FA3A0A7197F913E0013F030 /* CoreData.framework */; };
		6FA78EA1195008EF00557863 /* Easter-Bell-icon.png in Resources */ = {isa = PBXBuildFile; fileRef = 6FA78EA0195008EF00557863 /* Easter-Bell-icon.png */; };
		6FBB6F98195A957D000FF112 /* WXSwipeTableViewCell.swift in Sources */ = {isa = PBXBuildFile; fileRef = 6FBB6F97195A957D000FF112 /* WXSwipeTableViewCell.swift */; };
		6FBB6F9B195A95D9000FF112 /* TimelyTableViewCell.swift in Sources */ = {isa = PBXBuildFile; fileRef = 6FBB6F9A195A95D9000FF112 /* TimelyTableViewCell.swift */; };
		6FD444AD194D886300868FE7 /* TaskViewController.swift in Sources */ = {isa = PBXBuildFile; fileRef = 6FD444AC194D886300868FE7 /* TaskViewController.swift */; };
		6FEC35C0194ECC9E002D374C /* Task.m in Sources */ = {isa = PBXBuildFile; fileRef = 6FEC35BF194ECC9E002D374C /* Task.m */; };
		6FEC35C4194ED181002D374C /* TaskExtension.swift in Sources */ = {isa = PBXBuildFile; fileRef = 6FEC35C3194ED181002D374C /* TaskExtension.swift */; };
		6FEC35C6194ED190002D374C /* ManagedObjectContext.swift in Sources */ = {isa = PBXBuildFile; fileRef = 6FEC35C5194ED190002D374C /* ManagedObjectContext.swift */; };
		6FFD6DF3195CF7A500662F52 /* UIColorExtension.swift in Sources */ = {isa = PBXBuildFile; fileRef = 6FFD6DF2195CF7A500662F52 /* UIColorExtension.swift */; };
/* End PBXBuildFile section */

/* Begin PBXContainerItemProxy section */
		6F2B72F2194D166D0076AB18 /* PBXContainerItemProxy */ = {
			isa = PBXContainerItemProxy;
			containerPortal = 6F2B72D9194D166D0076AB18 /* Project object */;
			proxyType = 1;
			remoteGlobalIDString = 6F2B72E0194D166D0076AB18;
			remoteInfo = Timely;
		};
/* End PBXContainerItemProxy section */

/* Begin PBXFileReference section */
		6F1265A31953AF8D00104B49 /* TimelyTableViewControllerScrollExtension.swift */ = {isa = PBXFileReference; fileEncoding = 4; lastKnownFileType = sourcecode.swift; path = TimelyTableViewControllerScrollExtension.swift; sourceTree = "<group>"; };
		6F2B72E1194D166D0076AB18 /* Timely.app */ = {isa = PBXFileReference; explicitFileType = wrapper.application; includeInIndex = 0; path = Timely.app; sourceTree = BUILT_PRODUCTS_DIR; };
		6F2B72E5194D166D0076AB18 /* Info.plist */ = {isa = PBXFileReference; lastKnownFileType = text.plist.xml; path = Info.plist; sourceTree = "<group>"; };
		6F2B72E6194D166D0076AB18 /* AppDelegate.swift */ = {isa = PBXFileReference; lastKnownFileType = sourcecode.swift; path = AppDelegate.swift; sourceTree = "<group>"; };
		6F2B72E9194D166D0076AB18 /* Timely.xcdatamodel */ = {isa = PBXFileReference; lastKnownFileType = wrapper.xcdatamodel; path = Timely.xcdatamodel; sourceTree = "<group>"; };
		6F2B72EB194D166D0076AB18 /* Images.xcassets */ = {isa = PBXFileReference; lastKnownFileType = folder.assetcatalog; path = Images.xcassets; sourceTree = "<group>"; };
		6F2B72F1194D166D0076AB18 /* TimelyTests.xctest */ = {isa = PBXFileReference; explicitFileType = wrapper.cfbundle; includeInIndex = 0; path = TimelyTests.xctest; sourceTree = BUILT_PRODUCTS_DIR; };
		6F2B72F6194D166D0076AB18 /* Info.plist */ = {isa = PBXFileReference; lastKnownFileType = text.plist.xml; path = Info.plist; sourceTree = "<group>"; };
		6F2B72F7194D166D0076AB18 /* TimelyTests.swift */ = {isa = PBXFileReference; lastKnownFileType = sourcecode.swift; path = TimelyTests.swift; sourceTree = "<group>"; };
		6F2B7301194D16890076AB18 /* Storyboard.storyboard */ = {isa = PBXFileReference; fileEncoding = 4; lastKnownFileType = file.storyboard; name = Storyboard.storyboard; path = UI/Storyboard.storyboard; sourceTree = "<group>"; };
		6F2B7304194D19B50076AB18 /* TimelyTableViewController.swift */ = {isa = PBXFileReference; fileEncoding = 4; lastKnownFileType = sourcecode.swift; name = TimelyTableViewController.swift; path = ViewControllers/TimelyTableViewController.swift; sourceTree = "<group>"; };
		6F2B7307194D1AF30076AB18 /* Timely-Bridging-Header.h */ = {isa = PBXFileReference; lastKnownFileType = sourcecode.c.h; path = "Timely-Bridging-Header.h"; sourceTree = "<group>"; };
		6F2B7313194D1D3F0076AB18 /* TimelyContext.swift */ = {isa = PBXFileReference; fileEncoding = 4; lastKnownFileType = sourcecode.swift; name = TimelyContext.swift; path = Extensions/TimelyContext.swift; sourceTree = "<group>"; };
		6F324BBB196EBB56002D0A38 /* clear@2x.png */ = {isa = PBXFileReference; lastKnownFileType = image.png; name = "clear@2x.png"; path = "Images.xcassets/clear.imageset/clear@2x.png"; sourceTree = "<group>"; };
		6F324BBD196EBB62002D0A38 /* add@2x.png */ = {isa = PBXFileReference; lastKnownFileType = image.png; name = "add@2x.png"; path = "Images.xcassets/add.imageset/add@2x.png"; sourceTree = "<group>"; };
		6F324BBF196EBB6C002D0A38 /* cross@2x.png */ = {isa = PBXFileReference; lastKnownFileType = image.png; name = "cross@2x.png"; path = "Images.xcassets/cross.imageset/cross@2x.png"; sourceTree = "<group>"; };
		6F324BC1196EBB77002D0A38 /* tick@2x.png */ = {isa = PBXFileReference; lastKnownFileType = image.png; name = "tick@2x.png"; path = "Images.xcassets/tick.imageset/tick@2x.png"; sourceTree = "<group>"; };
		6F324BC4196EBE15002D0A38 /* icon.pxm */ = {isa = PBXFileReference; lastKnownFileType = file; path = icon.pxm; sourceTree = "<group>"; };
		6F4E9D76194E8457003ADA8A /* DateExtension.swift */ = {isa = PBXFileReference; fileEncoding = 4; lastKnownFileType = sourcecode.swift; name = DateExtension.swift; path = Extensions/DateExtension.swift; sourceTree = "<group>"; };
		6F520D771952708D00646360 /* DelegateBridge.m */ = {isa = PBXFileReference; fileEncoding = 4; lastKnownFileType = sourcecode.c.objc; path = DelegateBridge.m; sourceTree = "<group>"; };
		6F520D79195270D900646360 /* DelegateBridge.h */ = {isa = PBXFileReference; lastKnownFileType = sourcecode.c.h; path = DelegateBridge.h; sourceTree = "<group>"; };
		6F5F926C19934D9C0018FA43 /* WXReorderTableTableViewController.h */ = {isa = PBXFileReference; fileEncoding = 4; lastKnownFileType = sourcecode.c.h; path = WXReorderTableTableViewController.h; sourceTree = "<group>"; };
		6F5F926D19934D9C0018FA43 /* WXReorderTableTableViewController.m */ = {isa = PBXFileReference; fileEncoding = 4; lastKnownFileType = sourcecode.c.objc; path = WXReorderTableTableViewController.m; sourceTree = "<group>"; };
		6F6D8C5819622FCC00BC8C6F /* TaskViewModel.swift */ = {isa = PBXFileReference; fileEncoding = 4; lastKnownFileType = sourcecode.swift; name = TaskViewModel.swift; path = ViewModels/TaskViewModel.swift; sourceTree = "<group>"; };
		6F6D8C5A1962346F00BC8C6F /* TaskNotificationService.swift */ = {isa = PBXFileReference; fileEncoding = 4; lastKnownFileType = sourcecode.swift; name = TaskNotificationService.swift; path = Services/TaskNotificationService.swift; sourceTree = "<group>"; };
		6F70D9071963A33F0058CA8A /* MyPlayground.playground */ = {isa = PBXFileReference; lastKnownFileType = file.playground; path = MyPlayground.playground; sourceTree = "<group>"; };
		6F995991195D57DA00A155E7 /* ConversionExtension.swift */ = {isa = PBXFileReference; fileEncoding = 4; lastKnownFileType = sourcecode.swift; name = ConversionExtension.swift; path = Extensions/ConversionExtension.swift; sourceTree = "<group>"; };
		6F9FC397194D233800A0C9C5 /* ManagedObjectExtension.swift */ = {isa = PBXFileReference; fileEncoding = 4; lastKnownFileType = sourcecode.swift; name = ManagedObjectExtension.swift; path = Extensions/ManagedObjectExtension.swift; sourceTree = "<group>"; };
		6FA3A0A7197F913E0013F030 /* CoreData.framework */ = {isa = PBXFileReference; lastKnownFileType = wrapper.framework; name = CoreData.framework; path = System/Library/Frameworks/CoreData.framework; sourceTree = SDKROOT; };
		6FA78EA0195008EF00557863 /* Easter-Bell-icon.png */ = {isa = PBXFileReference; lastKnownFileType = image.png; path = "Easter-Bell-icon.png"; sourceTree = "<group>"; };
		6FBB6F97195A957D000FF112 /* WXSwipeTableViewCell.swift */ = {isa = PBXFileReference; fileEncoding = 4; lastKnownFileType = sourcecode.swift; path = WXSwipeTableViewCell.swift; sourceTree = "<group>"; };
		6FBB6F9A195A95D9000FF112 /* TimelyTableViewCell.swift */ = {isa = PBXFileReference; fileEncoding = 4; lastKnownFileType = sourcecode.swift; name = TimelyTableViewCell.swift; path = Views/TimelyTableViewCell.swift; sourceTree = "<group>"; };
		6FD444AC194D886300868FE7 /* TaskViewController.swift */ = {isa = PBXFileReference; fileEncoding = 4; lastKnownFileType = sourcecode.swift; name = TaskViewController.swift; path = ViewControllers/TaskViewController.swift; sourceTree = "<group>"; };
		6FEC35BE194ECC9E002D374C /* Task.h */ = {isa = PBXFileReference; fileEncoding = 4; lastKnownFileType = sourcecode.c.h; name = Task.h; path = Domains/Task.h; sourceTree = "<group>"; };
		6FEC35BF194ECC9E002D374C /* Task.m */ = {isa = PBXFileReference; fileEncoding = 4; lastKnownFileType = sourcecode.c.objc; name = Task.m; path = Domains/Task.m; sourceTree = "<group>"; };
		6FEC35C3194ED181002D374C /* TaskExtension.swift */ = {isa = PBXFileReference; fileEncoding = 4; lastKnownFileType = sourcecode.swift; name = TaskExtension.swift; path = Extensions/CoreData/TaskExtension.swift; sourceTree = "<group>"; };
		6FEC35C5194ED190002D374C /* ManagedObjectContext.swift */ = {isa = PBXFileReference; fileEncoding = 4; lastKnownFileType = sourcecode.swift; name = ManagedObjectContext.swift; path = Extensions/ManagedObjectContext.swift; sourceTree = "<group>"; };
		6FFD6DF2195CF7A500662F52 /* UIColorExtension.swift */ = {isa = PBXFileReference; fileEncoding = 4; lastKnownFileType = sourcecode.swift; name = UIColorExtension.swift; path = Extensions/UIColorExtension.swift; sourceTree = "<group>"; };
/* End PBXFileReference section */

/* Begin PBXFrameworksBuildPhase section */
		6F2B72DE194D166D0076AB18 /* Frameworks */ = {
			isa = PBXFrameworksBuildPhase;
			buildActionMask = 2147483647;
			files = (
				6FA3A0A8197F913E0013F030 /* CoreData.framework in Frameworks */,
			);
			runOnlyForDeploymentPostprocessing = 0;
		};
		6F2B72EE194D166D0076AB18 /* Frameworks */ = {
			isa = PBXFrameworksBuildPhase;
			buildActionMask = 2147483647;
			files = (
			);
			runOnlyForDeploymentPostprocessing = 0;
		};
/* End PBXFrameworksBuildPhase section */

/* Begin PBXGroup section */
		6F2B72D8194D166D0076AB18 = {
			isa = PBXGroup;
			children = (
				6F5F926B19934D900018FA43 /* Library */,
				6F70D9071963A33F0058CA8A /* MyPlayground.playground */,
				6FA78E9F195008E500557863 /* Assets */,
				6F2B72E3194D166D0076AB18 /* Timely */,
				6F2B72F4194D166D0076AB18 /* TimelyTests */,
				6F2B72E2194D166D0076AB18 /* Products */,
			);
			sourceTree = "<group>";
		};
		6F2B72E2194D166D0076AB18 /* Products */ = {
			isa = PBXGroup;
			children = (
				6F2B72E1194D166D0076AB18 /* Timely.app */,
				6F2B72F1194D166D0076AB18 /* TimelyTests.xctest */,
			);
			name = Products;
			sourceTree = "<group>";
		};
		6F2B72E3194D166D0076AB18 /* Timely */ = {
			isa = PBXGroup;
			children = (
				6F6D8C5C1962347500BC8C6F /* Services */,
				6F2B730F194D1B630076AB18 /* Extensions */,
				6FBB6F99195A95A0000FF112 /* Views */,
				6F6D8C5719622FAB00BC8C6F /* ViewModels */,
				6F2B7306194D19C20076AB18 /* ViewControllers */,
				6F2B7303194D19850076AB18 /* UI */,
				6F2B730E194D1AFC0076AB18 /* Domains */,
				6F2B72E6194D166D0076AB18 /* AppDelegate.swift */,
				6F2B72EB194D166D0076AB18 /* Images.xcassets */,
				6F2B72E8194D166D0076AB18 /* Timely.xcdatamodeld */,
				6F2B7307194D1AF30076AB18 /* Timely-Bridging-Header.h */,
				6F2B72E4194D166D0076AB18 /* Supporting Files */,
				6F520D79195270D900646360 /* DelegateBridge.h */,
				6F520D771952708D00646360 /* DelegateBridge.m */,
			);
			path = Timely;
			sourceTree = "<group>";
		};
		6F2B72E4194D166D0076AB18 /* Supporting Files */ = {
			isa = PBXGroup;
			children = (
				6F324BC1196EBB77002D0A38 /* tick@2x.png */,
				6F324BBF196EBB6C002D0A38 /* cross@2x.png */,
				6F324BBD196EBB62002D0A38 /* add@2x.png */,
				6F324BBB196EBB56002D0A38 /* clear@2x.png */,
				6F2B72E5194D166D0076AB18 /* Info.plist */,
			);
			name = "Supporting Files";
			sourceTree = "<group>";
		};
		6F2B72F4194D166D0076AB18 /* TimelyTests */ = {
			isa = PBXGroup;
			children = (
				6F2B72F7194D166D0076AB18 /* TimelyTests.swift */,
				6F2B72F5194D166D0076AB18 /* Supporting Files */,
			);
			path = TimelyTests;
			sourceTree = "<group>";
		};
		6F2B72F5194D166D0076AB18 /* Supporting Files */ = {
			isa = PBXGroup;
			children = (
				6F2B72F6194D166D0076AB18 /* Info.plist */,
			);
			name = "Supporting Files";
			sourceTree = "<group>";
		};
		6F2B7303194D19850076AB18 /* UI */ = {
			isa = PBXGroup;
			children = (
				6F2B7301194D16890076AB18 /* Storyboard.storyboard */,
			);
			name = UI;
			sourceTree = "<group>";
		};
		6F2B7306194D19C20076AB18 /* ViewControllers */ = {
			isa = PBXGroup;
			children = (
				6F2B7304194D19B50076AB18 /* TimelyTableViewController.swift */,
				6F1265A31953AF8D00104B49 /* TimelyTableViewControllerScrollExtension.swift */,
				6FD444AC194D886300868FE7 /* TaskViewController.swift */,
			);
			name = ViewControllers;
			sourceTree = "<group>";
		};
		6F2B730E194D1AFC0076AB18 /* Domains */ = {
			isa = PBXGroup;
			children = (
				6FEC35BE194ECC9E002D374C /* Task.h */,
				6FEC35BF194ECC9E002D374C /* Task.m */,
			);
			name = Domains;
			sourceTree = "<group>";
		};
		6F2B730F194D1B630076AB18 /* Extensions */ = {
			isa = PBXGroup;
			children = (
				6F2B7310194D1B800076AB18 /* CoreData */,
				6FEC35C5194ED190002D374C /* ManagedObjectContext.swift */,
				6F2B7313194D1D3F0076AB18 /* TimelyContext.swift */,
				6F9FC397194D233800A0C9C5 /* ManagedObjectExtension.swift */,
				6F4E9D76194E8457003ADA8A /* DateExtension.swift */,
				6FFD6DF2195CF7A500662F52 /* UIColorExtension.swift */,
				6F995991195D57DA00A155E7 /* ConversionExtension.swift */,
			);
			name = Extensions;
			sourceTree = "<group>";
		};
		6F2B7310194D1B800076AB18 /* CoreData */ = {
			isa = PBXGroup;
			children = (
				6FEC35C3194ED181002D374C /* TaskExtension.swift */,
			);
			name = CoreData;
			sourceTree = "<group>";
		};
		6F5F926B19934D900018FA43 /* Library */ = {
			isa = PBXGroup;
			children = (
				6F5F926C19934D9C0018FA43 /* WXReorderTableTableViewController.h */,
				6F5F926D19934D9C0018FA43 /* WXReorderTableTableViewController.m */,
				6FA3A0A7197F913E0013F030 /* CoreData.framework */,
			);
			name = Library;
			sourceTree = "<group>";
		};
		6F6D8C5719622FAB00BC8C6F /* ViewModels */ = {
			isa = PBXGroup;
			children = (
				6F6D8C5819622FCC00BC8C6F /* TaskViewModel.swift */,
			);
			name = ViewModels;
			sourceTree = "<group>";
		};
		6F6D8C5C1962347500BC8C6F /* Services */ = {
			isa = PBXGroup;
			children = (
				6F6D8C5A1962346F00BC8C6F /* TaskNotificationService.swift */,
			);
			name = Services;
			sourceTree = "<group>";
		};
		6FA78E9F195008E500557863 /* Assets */ = {
			isa = PBXGroup;
			children = (
				6F324BC4196EBE15002D0A38 /* icon.pxm */,
				6FA78EA0195008EF00557863 /* Easter-Bell-icon.png */,
			);
			name = Assets;
			sourceTree = "<group>";
		};
		6FBB6F99195A95A0000FF112 /* Views */ = {
			isa = PBXGroup;
			children = (
				6FBB6F97195A957D000FF112 /* WXSwipeTableViewCell.swift */,
				6FBB6F9A195A95D9000FF112 /* TimelyTableViewCell.swift */,
			);
			name = Views;
			sourceTree = "<group>";
		};
/* End PBXGroup section */

/* Begin PBXNativeTarget section */
		6F2B72E0194D166D0076AB18 /* Timely */ = {
			isa = PBXNativeTarget;
			buildConfigurationList = 6F2B72FB194D166D0076AB18 /* Build configuration list for PBXNativeTarget "Timely" */;
			buildPhases = (
				6F2B72DD194D166D0076AB18 /* Sources */,
				6F2B72DE194D166D0076AB18 /* Frameworks */,
				6F2B72DF194D166D0076AB18 /* Resources */,
			);
			buildRules = (
			);
			dependencies = (
			);
			name = Timely;
			productName = Timely;
			productReference = 6F2B72E1194D166D0076AB18 /* Timely.app */;
			productType = "com.apple.product-type.application";
		};
		6F2B72F0194D166D0076AB18 /* TimelyTests */ = {
			isa = PBXNativeTarget;
			buildConfigurationList = 6F2B72FE194D166D0076AB18 /* Build configuration list for PBXNativeTarget "TimelyTests" */;
			buildPhases = (
				6F2B72ED194D166D0076AB18 /* Sources */,
				6F2B72EE194D166D0076AB18 /* Frameworks */,
				6F2B72EF194D166D0076AB18 /* Resources */,
			);
			buildRules = (
			);
			dependencies = (
				6F2B72F3194D166D0076AB18 /* PBXTargetDependency */,
			);
			name = TimelyTests;
			productName = TimelyTests;
			productReference = 6F2B72F1194D166D0076AB18 /* TimelyTests.xctest */;
			productType = "com.apple.product-type.bundle.unit-test";
		};
/* End PBXNativeTarget section */

/* Begin PBXProject section */
		6F2B72D9194D166D0076AB18 /* Project object */ = {
			isa = PBXProject;
			attributes = {
				LastUpgradeCheck = 0600;
				ORGANIZATIONNAME = "Charlie Wu";
				TargetAttributes = {
					6F2B72E0194D166D0076AB18 = {
						CreatedOnToolsVersion = 6.0;
						DevelopmentTeam = JFE8DQQE23;
					};
					6F2B72F0194D166D0076AB18 = {
						CreatedOnToolsVersion = 6.0;
						TestTargetID = 6F2B72E0194D166D0076AB18;
					};
				};
			};
			buildConfigurationList = 6F2B72DC194D166D0076AB18 /* Build configuration list for PBXProject "Timely" */;
			compatibilityVersion = "Xcode 3.2";
			developmentRegion = English;
			hasScannedForEncodings = 0;
			knownRegions = (
				en,
			);
			mainGroup = 6F2B72D8194D166D0076AB18;
			productRefGroup = 6F2B72E2194D166D0076AB18 /* Products */;
			projectDirPath = "";
			projectRoot = "";
			targets = (
				6F2B72E0194D166D0076AB18 /* Timely */,
				6F2B72F0194D166D0076AB18 /* TimelyTests */,
			);
		};
/* End PBXProject section */

/* Begin PBXResourcesBuildPhase section */
		6F2B72DF194D166D0076AB18 /* Resources */ = {
			isa = PBXResourcesBuildPhase;
			buildActionMask = 2147483647;
			files = (
				6F324BC2196EBB77002D0A38 /* tick@2x.png in Resources */,
				6F324BBC196EBB56002D0A38 /* clear@2x.png in Resources */,
				6F324BC3196EBBB1002D0A38 /* Images.xcassets in Resources */,
				6F324BBE196EBB62002D0A38 /* add@2x.png in Resources */,
				6FA78EA1195008EF00557863 /* Easter-Bell-icon.png in Resources */,
				6F2B7302194D16890076AB18 /* Storyboard.storyboard in Resources */,
				6F324BC0196EBB6C002D0A38 /* cross@2x.png in Resources */,
			);
			runOnlyForDeploymentPostprocessing = 0;
		};
		6F2B72EF194D166D0076AB18 /* Resources */ = {
			isa = PBXResourcesBuildPhase;
			buildActionMask = 2147483647;
			files = (
			);
			runOnlyForDeploymentPostprocessing = 0;
		};
/* End PBXResourcesBuildPhase section */

/* Begin PBXSourcesBuildPhase section */
		6F2B72DD194D166D0076AB18 /* Sources */ = {
			isa = PBXSourcesBuildPhase;
			buildActionMask = 2147483647;
			files = (
				6FEC35C0194ECC9E002D374C /* Task.m in Sources */,
				6F2B7314194D1D3F0076AB18 /* TimelyContext.swift in Sources */,
				6F2B7305194D19B50076AB18 /* TimelyTableViewController.swift in Sources */,
				6F5F926E19934D9C0018FA43 /* WXReorderTableTableViewController.m in Sources */,
				6F520D781952708D00646360 /* DelegateBridge.m in Sources */,
				6F6D8C5B1962346F00BC8C6F /* TaskNotificationService.swift in Sources */,
				6F1265A41953AF8D00104B49 /* TimelyTableViewControllerScrollExtension.swift in Sources */,
				6FEC35C4194ED181002D374C /* TaskExtension.swift in Sources */,
				6F6D8C5919622FCC00BC8C6F /* TaskViewModel.swift in Sources */,
				6F4E9D77194E8457003ADA8A /* DateExtension.swift in Sources */,
				6F2B72E7194D166D0076AB18 /* AppDelegate.swift in Sources */,
				6FEC35C6194ED190002D374C /* ManagedObjectContext.swift in Sources */,
				6F9FC398194D233800A0C9C5 /* ManagedObjectExtension.swift in Sources */,
				6FFD6DF3195CF7A500662F52 /* UIColorExtension.swift in Sources */,
				6F2B72EA194D166D0076AB18 /* Timely.xcdatamodeld in Sources */,
				6FBB6F9B195A95D9000FF112 /* TimelyTableViewCell.swift in Sources */,
				6FD444AD194D886300868FE7 /* TaskViewController.swift in Sources */,
				6FBB6F98195A957D000FF112 /* WXSwipeTableViewCell.swift in Sources */,
				6F995992195D57DA00A155E7 /* ConversionExtension.swift in Sources */,
			);
			runOnlyForDeploymentPostprocessing = 0;
		};
		6F2B72ED194D166D0076AB18 /* Sources */ = {
			isa = PBXSourcesBuildPhase;
			buildActionMask = 2147483647;
			files = (
				6F2B72F8194D166D0076AB18 /* TimelyTests.swift in Sources */,
			);
			runOnlyForDeploymentPostprocessing = 0;
		};
/* End PBXSourcesBuildPhase section */

/* Begin PBXTargetDependency section */
		6F2B72F3194D166D0076AB18 /* PBXTargetDependency */ = {
			isa = PBXTargetDependency;
			target = 6F2B72E0194D166D0076AB18 /* Timely */;
			targetProxy = 6F2B72F2194D166D0076AB18 /* PBXContainerItemProxy */;
		};
/* End PBXTargetDependency section */

/* Begin XCBuildConfiguration section */
		6F2B72F9194D166D0076AB18 /* Debug */ = {
			isa = XCBuildConfiguration;
			buildSettings = {
				ALWAYS_SEARCH_USER_PATHS = NO;
				CLANG_CXX_LANGUAGE_STANDARD = "gnu++0x";
				CLANG_CXX_LIBRARY = "libc++";
				CLANG_ENABLE_MODULES = YES;
				CLANG_ENABLE_OBJC_ARC = YES;
				CLANG_WARN_BOOL_CONVERSION = YES;
				CLANG_WARN_CONSTANT_CONVERSION = YES;
				CLANG_WARN_DIRECT_OBJC_ISA_USAGE = YES_ERROR;
				CLANG_WARN_EMPTY_BODY = YES;
				CLANG_WARN_ENUM_CONVERSION = YES;
				CLANG_WARN_INT_CONVERSION = YES;
				CLANG_WARN_OBJC_ROOT_CLASS = YES_ERROR;
				CLANG_WARN_UNREACHABLE_CODE = YES;
				CLANG_WARN__DUPLICATE_METHOD_MATCH = YES;
				"CODE_SIGN_IDENTITY[sdk=iphoneos*]" = "iPhone Developer";
				COPY_PHASE_STRIP = NO;
				ENABLE_STRICT_OBJC_MSGSEND = YES;
				GCC_C_LANGUAGE_STANDARD = gnu99;
				GCC_DYNAMIC_NO_PIC = NO;
				GCC_OPTIMIZATION_LEVEL = 0;
				GCC_PREPROCESSOR_DEFINITIONS = (
					"DEBUG=1",
					"$(inherited)",
				);
				GCC_SYMBOLS_PRIVATE_EXTERN = NO;
				GCC_WARN_64_TO_32_BIT_CONVERSION = YES;
				GCC_WARN_ABOUT_RETURN_TYPE = YES_ERROR;
				GCC_WARN_UNDECLARED_SELECTOR = YES;
				GCC_WARN_UNINITIALIZED_AUTOS = YES_AGGRESSIVE;
				GCC_WARN_UNUSED_FUNCTION = YES;
				GCC_WARN_UNUSED_VARIABLE = YES;
				IPHONEOS_DEPLOYMENT_TARGET = 7.0;
				METAL_ENABLE_DEBUG_INFO = YES;
				ONLY_ACTIVE_ARCH = YES;
				SDKROOT = iphoneos;
				SWIFT_OPTIMIZATION_LEVEL = "-Onone";
			};
			name = Debug;
		};
		6F2B72FA194D166D0076AB18 /* Release */ = {
			isa = XCBuildConfiguration;
			buildSettings = {
				ALWAYS_SEARCH_USER_PATHS = NO;
				CLANG_CXX_LANGUAGE_STANDARD = "gnu++0x";
				CLANG_CXX_LIBRARY = "libc++";
				CLANG_ENABLE_MODULES = YES;
				CLANG_ENABLE_OBJC_ARC = YES;
				CLANG_WARN_BOOL_CONVERSION = YES;
				CLANG_WARN_CONSTANT_CONVERSION = YES;
				CLANG_WARN_DIRECT_OBJC_ISA_USAGE = YES_ERROR;
				CLANG_WARN_EMPTY_BODY = YES;
				CLANG_WARN_ENUM_CONVERSION = YES;
				CLANG_WARN_INT_CONVERSION = YES;
				CLANG_WARN_OBJC_ROOT_CLASS = YES_ERROR;
				CLANG_WARN_UNREACHABLE_CODE = YES;
				CLANG_WARN__DUPLICATE_METHOD_MATCH = YES;
				"CODE_SIGN_IDENTITY[sdk=iphoneos*]" = "iPhone Developer";
				COPY_PHASE_STRIP = YES;
				ENABLE_NS_ASSERTIONS = NO;
				ENABLE_STRICT_OBJC_MSGSEND = YES;
				GCC_C_LANGUAGE_STANDARD = gnu99;
				GCC_WARN_64_TO_32_BIT_CONVERSION = YES;
				GCC_WARN_ABOUT_RETURN_TYPE = YES_ERROR;
				GCC_WARN_UNDECLARED_SELECTOR = YES;
				GCC_WARN_UNINITIALIZED_AUTOS = YES_AGGRESSIVE;
				GCC_WARN_UNUSED_FUNCTION = YES;
				GCC_WARN_UNUSED_VARIABLE = YES;
				IPHONEOS_DEPLOYMENT_TARGET = 7.0;
				METAL_ENABLE_DEBUG_INFO = NO;
				SDKROOT = iphoneos;
				VALIDATE_PRODUCT = YES;
			};
			name = Release;
		};
		6F2B72FC194D166D0076AB18 /* Debug */ = {
			isa = XCBuildConfiguration;
			buildSettings = {
				ASSETCATALOG_COMPILER_APPICON_NAME = AppIcon;
				ASSETCATALOG_COMPILER_LAUNCHIMAGE_NAME = LaunchImage;
				CLANG_ENABLE_MODULES = YES;
				CODE_SIGN_IDENTITY = "iPhone Developer";
				INFOPLIST_FILE = Timely/Info.plist;
				IPHONEOS_DEPLOYMENT_TARGET = 7.1;
				LD_RUNPATH_SEARCH_PATHS = "$(inherited) @executable_path/Frameworks";
				PRODUCT_NAME = "$(TARGET_NAME)";
				SWIFT_OBJC_BRIDGING_HEADER = "Timely/Timely-Bridging-Header.h";
				SWIFT_OPTIMIZATION_LEVEL = "-Onone";
			};
			name = Debug;
		};
		6F2B72FD194D166D0076AB18 /* Release */ = {
			isa = XCBuildConfiguration;
			buildSettings = {
				ASSETCATALOG_COMPILER_APPICON_NAME = AppIcon;
				ASSETCATALOG_COMPILER_LAUNCHIMAGE_NAME = LaunchImage;
				CLANG_ENABLE_MODULES = YES;
				CODE_SIGN_IDENTITY = "iPhone Developer";
				INFOPLIST_FILE = Timely/Info.plist;
				IPHONEOS_DEPLOYMENT_TARGET = 7.1;
				LD_RUNPATH_SEARCH_PATHS = "$(inherited) @executable_path/Frameworks";
				PRODUCT_NAME = "$(TARGET_NAME)";
				SWIFT_OBJC_BRIDGING_HEADER = "Timely/Timely-Bridging-Header.h";
			};
			name = Release;
		};
		6F2B72FF194D166D0076AB18 /* Debug */ = {
			isa = XCBuildConfiguration;
			buildSettings = {
				BUNDLE_LOADER = "$(BUILT_PRODUCTS_DIR)/Timely.app/Timely";
				FRAMEWORK_SEARCH_PATHS = (
					"$(SDKROOT)/Developer/Library/Frameworks",
					"$(inherited)",
				);
				GCC_PREPROCESSOR_DEFINITIONS = (
					"DEBUG=1",
					"$(inherited)",
				);
				INFOPLIST_FILE = TimelyTests/Info.plist;
				LD_RUNPATH_SEARCH_PATHS = "$(inherited) @executable_path/Frameworks @loader_path/Frameworks";
				METAL_ENABLE_DEBUG_INFO = YES;
				PRODUCT_NAME = "$(TARGET_NAME)";
				TEST_HOST = "$(BUNDLE_LOADER)";
			};
			name = Debug;
		};
		6F2B7300194D166D0076AB18 /* Release */ = {
			isa = XCBuildConfiguration;
			buildSettings = {
				BUNDLE_LOADER = "$(BUILT_PRODUCTS_DIR)/Timely.app/Timely";
				FRAMEWORK_SEARCH_PATHS = (
					"$(SDKROOT)/Developer/Library/Frameworks",
					"$(inherited)",
				);
				INFOPLIST_FILE = TimelyTests/Info.plist;
				LD_RUNPATH_SEARCH_PATHS = "$(inherited) @executable_path/Frameworks @loader_path/Frameworks";
				METAL_ENABLE_DEBUG_INFO = NO;
				PRODUCT_NAME = "$(TARGET_NAME)";
				TEST_HOST = "$(BUNDLE_LOADER)";
			};
			name = Release;
		};
/* End XCBuildConfiguration section */

/* Begin XCConfigurationList section */
		6F2B72DC194D166D0076AB18 /* Build configuration list for PBXProject "Timely" */ = {
			isa = XCConfigurationList;
			buildConfigurations = (
				6F2B72F9194D166D0076AB18 /* Debug */,
				6F2B72FA194D166D0076AB18 /* Release */,
			);
			defaultConfigurationIsVisible = 0;
			defaultConfigurationName = Release;
		};
		6F2B72FB194D166D0076AB18 /* Build configuration list for PBXNativeTarget "Timely" */ = {
			isa = XCConfigurationList;
			buildConfigurations = (
				6F2B72FC194D166D0076AB18 /* Debug */,
				6F2B72FD194D166D0076AB18 /* Release */,
			);
			defaultConfigurationIsVisible = 0;
			defaultConfigurationName = Release;
		};
		6F2B72FE194D166D0076AB18 /* Build configuration list for PBXNativeTarget "TimelyTests" */ = {
			isa = XCConfigurationList;
			buildConfigurations = (
				6F2B72FF194D166D0076AB18 /* Debug */,
				6F2B7300194D166D0076AB18 /* Release */,
			);
			defaultConfigurationIsVisible = 0;
			defaultConfigurationName = Release;
		};
/* End XCConfigurationList section */

/* Begin XCVersionGroup section */
		6F2B72E8194D166D0076AB18 /* Timely.xcdatamodeld */ = {
			isa = XCVersionGroup;
			children = (
				6F2B72E9194D166D0076AB18 /* Timely.xcdatamodel */,
			);
			currentVersion = 6F2B72E9194D166D0076AB18 /* Timely.xcdatamodel */;
			path = Timely.xcdatamodeld;
			sourceTree = "<group>";
			versionGroupType = wrapper.xcdatamodel;
		};
/* End XCVersionGroup section */
	};
	rootObject = 6F2B72D9194D166D0076AB18 /* Project object */;
}
